
Microsoft Visual Studio Solution File, Format Version 12.00
# Visual Studio Version 16
VisualStudioVersion = 16.0.30204.135
MinimumVisualStudioVersion = 10.0.40219.1
Project("{FAE04EC0-301F-11D3-BF4B-00C04F79EFBC}") = "Controlador", "Controlador\Controlador.csproj", "{2AE4AF62-7A3A-4591-8F10-E6654904DEF6}"
EndProject
Project("{E24C65DC-7377-472B-9ABA-BC803B73C61A}") = "App", "App\", "{DDBCCB21-11DE-4863-906E-E0DAC053E27B}"
	ProjectSection(WebsiteProperties) = preProject
		TargetFrameworkMoniker = ".NETFramework,Version%3Dv4.6.1"
		ProjectReferences = "{2ae4af62-7a3a-4591-8f10-e6654904def6}|Controlador.dll;"
		Debug.AspNetCompiler.VirtualPath = "/localhost_58655"
		Debug.AspNetCompiler.PhysicalPath = "App\"
		Debug.AspNetCompiler.TargetPath = "PrecompiledWeb\localhost_58655\"
		Debug.AspNetCompiler.Updateable = "true"
		Debug.AspNetCompiler.ForceOverwrite = "true"
		Debug.AspNetCompiler.FixedNames = "false"
		Debug.AspNetCompiler.Debug = "True"
		Release.AspNetCompiler.VirtualPath = "/localhost_58655"
		Release.AspNetCompiler.PhysicalPath = "App\"
		Release.AspNetCompiler.TargetPath = "PrecompiledWeb\localhost_58655\"
		Release.AspNetCompiler.Updateable = "true"
		Release.AspNetCompiler.ForceOverwrite = "true"
		Release.AspNetCompiler.FixedNames = "false"
		Release.AspNetCompiler.Debug = "False"
		VWDPort = "58655"
		SlnRelativePath = "App\"
		DefaultWebSiteLanguage = "Visual C#"
	EndProjectSection
EndProject
Global
	GlobalSection(SolutionConfigurationPlatforms) = preSolution
		Debug|Any CPU = Debug|Any CPU
		Release|Any CPU = Release|Any CPU
	EndGlobalSection
	GlobalSection(ProjectConfigurationPlatforms) = postSolution
		{2AE4AF62-7A3A-4591-8F10-E6654904DEF6}.Debug|Any CPU.ActiveCfg = Debug|Any CPU
		{2AE4AF62-7A3A-4591-8F10-E6654904DEF6}.Debug|Any CPU.Build.0 = Debug|Any CPU
		{2AE4AF62-7A3A-4591-8F10-E6654904DEF6}.Release|Any CPU.ActiveCfg = Release|Any CPU
		{2AE4AF62-7A3A-4591-8F10-E6654904DEF6}.Release|Any CPU.Build.0 = Release|Any CPU
		{DDBCCB21-11DE-4863-906E-E0DAC053E27B}.Debug|Any CPU.ActiveCfg = Debug|Any CPU
		{DDBCCB21-11DE-4863-906E-E0DAC053E27B}.Debug|Any CPU.Build.0 = Debug|Any CPU
		{DDBCCB21-11DE-4863-906E-E0DAC053E27B}.Release|Any CPU.ActiveCfg = Debug|Any CPU
		{DDBCCB21-11DE-4863-906E-E0DAC053E27B}.Release|Any CPU.Build.0 = Debug|Any CPU
	EndGlobalSection
	GlobalSection(SolutionProperties) = preSolution
		HideSolutionNode = FALSE
	EndGlobalSection
	GlobalSection(ExtensibilityGlobals) = postSolution
		SolutionGuid = {B78617A1-C9A6-46EA-86C7-632C162B04A7}
	EndGlobalSection
EndGlobal
